
Microsoft Visual Studio Solution File, Format Version 12.00
# Visual Studio Version 16
VisualStudioVersion = 16.0.30907.101
MinimumVisualStudioVersion = 10.0.40219.1
Project("{FAE04EC0-301F-11D3-BF4B-00C04F79EFBC}") = "IncredibleWeb", "IncredibleWeb\IncredibleWeb.csproj", "{DADD9727-5340-4EAD-9474-7568819FD61E}"
EndProject
Project("{FAE04EC0-301F-11D3-BF4B-00C04F79EFBC}") = "IncredibleWeb.ApiClient", "IncredibleWeb.ApiClient\IncredibleWeb.ApiClient.csproj", "{6181F0A2-8BD9-4C73-9D97-6B7DC76A4BE0}"
EndProject
Global
	GlobalSection(SolutionConfigurationPlatforms) = preSolution
		Debug|Any CPU = Debug|Any CPU
		Release|Any CPU = Release|Any CPU
	EndGlobalSection
	GlobalSection(ProjectConfigurationPlatforms) = postSolution
		{DADD9727-5340-4EAD-9474-7568819FD61E}.Debug|Any CPU.ActiveCfg = Debug|Any CPU
		{DADD9727-5340-4EAD-9474-7568819FD61E}.Debug|Any CPU.Build.0 = Debug|Any CPU
		{DADD9727-5340-4EAD-9474-7568819FD61E}.Release|Any CPU.ActiveCfg = Release|Any CPU
		{DADD9727-5340-4EAD-9474-7568819FD61E}.Release|Any CPU.Build.0 = Release|Any CPU
		{6181F0A2-8BD9-4C73-9D97-6B7DC76A4BE0}.Debug|Any CPU.ActiveCfg = Debug|Any CPU
		{6181F0A2-8BD9-4C73-9D97-6B7DC76A4BE0}.Debug|Any CPU.Build.0 = Debug|Any CPU
		{6181F0A2-8BD9-4C73-9D97-6B7DC76A4BE0}.Release|Any CPU.ActiveCfg = Release|Any CPU
		{6181F0A2-8BD9-4C73-9D97-6B7DC76A4BE0}.Release|Any CPU.Build.0 = Release|Any CPU
	EndGlobalSection
	GlobalSection(SolutionProperties) = preSolution
		HideSolutionNode = FALSE
	EndGlobalSection
	GlobalSection(ExtensibilityGlobals) = postSolution
		SolutionGuid = {349EDFF3-51F2-4165-AF4E-F76F52743B83}
	EndGlobalSection
EndGlobal
